
Microsoft Visual Studio Solution File, Format Version 12.00
# Visual Studio 15
VisualStudioVersion = 15.0.28307.136
MinimumVisualStudioVersion = 10.0.40219.1
Project("{9A19103F-16F7-4668-BE54-9A1E7A4F7556}") = "kuba-api", "kuba-api\kuba-api.csproj", "{6ACA6C6F-F9E3-49A5-A73A-755A24E2FA89}"
EndProject
Project("{9A19103F-16F7-4668-BE54-9A1E7A4F7556}") = "ImageWriter", "ImageWriter\ImageWriter.csproj", "{8B411AFE-8A1E-49AC-B0D1-814084B68778}"
EndProject
Global
	GlobalSection(SolutionConfigurationPlatforms) = preSolution
		Debug|Any CPU = Debug|Any CPU
		Release|Any CPU = Release|Any CPU
	EndGlobalSection
	GlobalSection(ProjectConfigurationPlatforms) = postSolution
		{6ACA6C6F-F9E3-49A5-A73A-755A24E2FA89}.Debug|Any CPU.ActiveCfg = Debug|Any CPU
		{6ACA6C6F-F9E3-49A5-A73A-755A24E2FA89}.Debug|Any CPU.Build.0 = Debug|Any CPU
		{6ACA6C6F-F9E3-49A5-A73A-755A24E2FA89}.Release|Any CPU.ActiveCfg = Release|Any CPU
		{6ACA6C6F-F9E3-49A5-A73A-755A24E2FA89}.Release|Any CPU.Build.0 = Release|Any CPU
		{8B411AFE-8A1E-49AC-B0D1-814084B68778}.Debug|Any CPU.ActiveCfg = Debug|Any CPU
		{8B411AFE-8A1E-49AC-B0D1-814084B68778}.Debug|Any CPU.Build.0 = Debug|Any CPU
		{8B411AFE-8A1E-49AC-B0D1-814084B68778}.Release|Any CPU.ActiveCfg = Release|Any CPU
		{8B411AFE-8A1E-49AC-B0D1-814084B68778}.Release|Any CPU.Build.0 = Release|Any CPU
	EndGlobalSection
	GlobalSection(SolutionProperties) = preSolution
		HideSolutionNode = FALSE
	EndGlobalSection
	GlobalSection(ExtensibilityGlobals) = postSolution
		SolutionGuid = {DF71407B-77B3-4358-88F7-FFD16A446A95}
	EndGlobalSection
EndGlobal
